
Microsoft Visual Studio Solution File, Format Version 12.00
# Visual Studio Version 17
VisualStudioVersion = 17.4.33205.214
MinimumVisualStudioVersion = 10.0.40219.1
Project("{FAE04EC0-301F-11D3-BF4B-00C04F79EFBC}") = "KafkaConsoleApp", "KafkaConsoleApp.csproj", "{C8B993F1-37DC-48F6-8F68-130F30261B9C}"
EndProject
Project("{E53339B2-1760-4266-BCC7-CA923CBCF16C}") = "docker-compose", "docker-compose.dcproj", "{4F62F7D5-E3E4-4864-8808-B4826EB8FEFD}"
EndProject
Global
	GlobalSection(SolutionConfigurationPlatforms) = preSolution
		Debug|Any CPU = Debug|Any CPU
		Release|Any CPU = Release|Any CPU
	EndGlobalSection
	GlobalSection(ProjectConfigurationPlatforms) = postSolution
		{C8B993F1-37DC-48F6-8F68-130F30261B9C}.Debug|Any CPU.ActiveCfg = Debug|Any CPU
		{C8B993F1-37DC-48F6-8F68-130F30261B9C}.Debug|Any CPU.Build.0 = Debug|Any CPU
		{C8B993F1-37DC-48F6-8F68-130F30261B9C}.Release|Any CPU.ActiveCfg = Release|Any CPU
		{C8B993F1-37DC-48F6-8F68-130F30261B9C}.Release|Any CPU.Build.0 = Release|Any CPU
		{4F62F7D5-E3E4-4864-8808-B4826EB8FEFD}.Debug|Any CPU.ActiveCfg = Debug|Any CPU
		{4F62F7D5-E3E4-4864-8808-B4826EB8FEFD}.Debug|Any CPU.Build.0 = Debug|Any CPU
		{4F62F7D5-E3E4-4864-8808-B4826EB8FEFD}.Release|Any CPU.ActiveCfg = Release|Any CPU
		{4F62F7D5-E3E4-4864-8808-B4826EB8FEFD}.Release|Any CPU.Build.0 = Release|Any CPU
	EndGlobalSection
	GlobalSection(SolutionProperties) = preSolution
		HideSolutionNode = FALSE
	EndGlobalSection
	GlobalSection(ExtensibilityGlobals) = postSolution
		SolutionGuid = {2ADA74D1-0AE4-4014-BB10-8484943C923C}
	EndGlobalSection
EndGlobal
